
Microsoft Visual Studio Solution File, Format Version 12.00
# Visual Studio Version 17
VisualStudioVersion = 17.14.36908.2 d17.14
MinimumVisualStudioVersion = 10.0.40219.1
Project("{FAE04EC0-301F-11D3-BF4B-00C04F79EFBC}") = "CICDLibrary", "CICDLibrary\CICDLibrary.csproj", "{30AB9ECF-4C59-4756-8D0A-CA016AEAD7AF}"
EndProject
Global
	GlobalSection(SolutionConfigurationPlatforms) = preSolution
		Debug|Any CPU = Debug|Any CPU
		Release|Any CPU = Release|Any CPU
	EndGlobalSection
	GlobalSection(ProjectConfigurationPlatforms) = postSolution
		{30AB9ECF-4C59-4756-8D0A-CA016AEAD7AF}.Debug|Any CPU.ActiveCfg = Debug|Any CPU
		{30AB9ECF-4C59-4756-8D0A-CA016AEAD7AF}.Debug|Any CPU.Build.0 = Debug|Any CPU
		{30AB9ECF-4C59-4756-8D0A-CA016AEAD7AF}.Release|Any CPU.ActiveCfg = Release|Any CPU
		{30AB9ECF-4C59-4756-8D0A-CA016AEAD7AF}.Release|Any CPU.Build.0 = Release|Any CPU
	EndGlobalSection
	GlobalSection(SolutionProperties) = preSolution
		HideSolutionNode = FALSE
	EndGlobalSection
	GlobalSection(ExtensibilityGlobals) = postSolution
		SolutionGuid = {A02AB7A5-D574-40E9-B5F3-10B847F0B11F}
	EndGlobalSection
EndGlobal
